%{
  "abt_did_elixir": {:hex, :abt_did_elixir, "0.3.6", "9abb36f4fe0c07452fe96f21356631bd70c11f3a05f212d758849e2b48fa6953", [:mix], [{:jason, "~> 1.1", [hex: :jason, repo: "hexpm", optional: false]}, {:mcrypto, "~> 0.2", [hex: :mcrypto, repo: "hexpm", optional: false]}, {:multibase, "~> 0.0.1", [hex: :multibase, repo: "hexpm", optional: false]}, {:typed_struct, "~> 0.1.4", [hex: :typed_struct, repo: "hexpm", optional: false]}], "hexpm", "566d960563ee45a1ce1b08e31ba5bb04a4fd4e9c0c5d30b174595a8452b6b09d"},
  "arc_config": {:git, "git@github.com:arcblock/arc_config.git", "88a2b668389dd5463faf7911997d78943a4a8856", [tag: "master"]},
  "base1": {:hex, :base1, "0.1.0", "493a46bb5b34bf38d3b69ea6eaff33416d222f1621231cb1a04af42a351117ea", [:mix], [], "hexpm", "57cb13fe05f3dc4174c7fbca147b94dcfdceea1ce87fdd5f803a29d3ca75fc96"},
  "base2": {:hex, :base2, "0.1.0", "bc9e19f1578e1439010d26b1bee456f3ac980481a46c3643b24e15c40e1db0ed", [:mix], [], "hexpm", "a25eb2892e03f609fd5634aaf9a7795fb90f98dc9a7a495ed8c03b2844bbb647"},
  "basefiftyeight": {:hex, :basefiftyeight, "0.1.0", "3d48544743bf9aab7ab02aed803ac42af77acf268c7d8c71d4f39e7fa85ee8d3", [:mix], [], "hexpm", "af12f551429528c711e98628c029ad48d1e5ba5a284f40b2d91029a65381837a"},
  "bbmustache": {:hex, :bbmustache, "1.8.1", "22af8ad50383b7022066c246486aaf2db980e3883c6c620600e9299caa420c10", [:rebar3], [], "hexpm", "4e8d1a5870f6e874e917cdc55e5c874c1b1965b9b5e8e34c69c01699ba48626c"},
  "blake2": {:hex, :blake2, "1.0.3", "ebac4090e74ad0adf4dc5c4c697b614b378fb054565366723d95baefdd75084d", [:mix], [], "hexpm", "7fb611f04433e133b817cee6736b749e61795811724b2094f6c32fe330ca5998"},
  "certifi": {:hex, :certifi, "2.5.1", "867ce347f7c7d78563450a18a6a28a8090331e77fa02380b4a21962a65d36ee5", [:rebar3], [{:parse_trans, "~>3.3", [hex: :parse_trans, repo: "hexpm", optional: false]}], "hexpm", "805abd97539caf89ec6d4732c91e62ba9da0cda51ac462380bbd28ee697a8c42"},
  "connection": {:hex, :connection, "1.0.4", "a1cae72211f0eef17705aaededacac3eb30e6625b04a6117c1b2db6ace7d5976", [:mix], [], "hexpm", "4a0850c9be22a43af9920a71ab17c051f5f7d45c209e40269a1938832510e4d9"},
  "cowboy": {:hex, :cowboy, "2.7.0", "91ed100138a764355f43316b1d23d7ff6bdb0de4ea618cb5d8677c93a7a2f115", [:rebar3], [{:cowlib, "~> 2.8.0", [hex: :cowlib, repo: "hexpm", optional: false]}, {:ranch, "~> 1.7.1", [hex: :ranch, repo: "hexpm", optional: false]}], "hexpm", "04fd8c6a39edc6aaa9c26123009200fc61f92a3a94f3178c527b70b767c6e605"},
  "cowlib": {:hex, :cowlib, "2.8.0", "fd0ff1787db84ac415b8211573e9a30a3ebe71b5cbff7f720089972b2319c8a4", [:rebar3], [], "hexpm", "79f954a7021b302186a950a32869dbc185523d99d3e44ce430cd1f3289f41ed4"},
  "csvlixir": {:hex, :csvlixir, "2.0.4", "e80d6a4f98e3f374151307c6cfda2fea22c33737092bc23d6d085d5ed19396fe", [:mix], [], "hexpm", "2a890aab96f45de234a50ae18d2a9fcb1ee36804d808591b459f8128f2098e42"},
  "db_connection": {:hex, :db_connection, "2.1.1", "a51e8a2ee54ef2ae6ec41a668c85787ed40cb8944928c191280fe34c15b76ae5", [:mix], [{:connection, "~> 1.0.2", [hex: :connection, repo: "hexpm", optional: false]}], "hexpm", "5a0e8c1c722dbcd31c0cbd1906b1d1074c863d335c295e4b994849b65a1fbe47"},
  "decimal": {:hex, :decimal, "1.8.1", "a4ef3f5f3428bdbc0d35374029ffcf4ede8533536fa79896dd450168d9acdf3c", [:mix], [], "hexpm", "3cb154b00225ac687f6cbd4acc4b7960027c757a5152b369923ead9ddbca7aec"},
  "deep_merge": {:hex, :deep_merge, "0.2.0", "c1050fa2edf4848b9f556fba1b75afc66608a4219659e3311d9c9427b5b680b3", [:mix], [], "hexpm", "e3bf435a54ed27b0ba3a01eb117ae017988804e136edcbe8a6a14c310daa966e"},
  "ecto": {:hex, :ecto, "3.2.5", "76c864b77948a479e18e69cc1d0f0f4ee7cced1148ffe6a093ff91eba644f0b5", [:mix], [{:decimal, "~> 1.6", [hex: :decimal, repo: "hexpm", optional: false]}, {:jason, "~> 1.0", [hex: :jason, repo: "hexpm", optional: true]}], "hexpm", "01251d9b28081b7e0af02a1875f9b809b057f064754ca3b274949d5216ea6f5f"},
  "ecto_sql": {:hex, :ecto_sql, "3.2.1", "4eed4100cbb2abcff10c46660d6613693807bf64f1b865f414daccf762d3758d", [:mix], [{:db_connection, "~> 2.1", [hex: :db_connection, repo: "hexpm", optional: false]}, {:ecto, "~> 3.2.0", [hex: :ecto, repo: "hexpm", optional: false]}, {:myxql, "~> 0.2.0", [hex: :myxql, repo: "hexpm", optional: true]}, {:postgrex, "~> 0.15.0", [hex: :postgrex, repo: "hexpm", optional: true]}, {:telemetry, "~> 0.4.0", [hex: :telemetry, repo: "hexpm", optional: false]}], "hexpm", "4790973b261f9514125987c00bef5a67cfadb36571bdff5e6b09178ec47832df"},
  "ex_abci_proto": {:hex, :ex_abci_proto, "0.9.0", "16e302b7405551c200f6e78e094e20d71f86aae31a49221f61d9c36f0d18e457", [:mix], [{:google_protos, "~> 0.1", [hex: :google_protos, repo: "hexpm", optional: false]}, {:grpc, "~> 0.3", [hex: :grpc, repo: "hexpm", optional: false]}], "hexpm", "ca4a29d926323591c8293df9606c7a9c1354381b2138c56d4a222cf1692df71e"},
  "ex_maybe": {:hex, :ex_maybe, "1.1.1", "95c0188191b43bd278e876ae4f0a688922e3ca016a9efd97ee7a0b741a61b899", [:mix], [], "hexpm", "1af8c78c915c7f119a513b300a1702fc5cc9fed42d54fd85995265e4c4b763d2"},
  "file_system": {:hex, :file_system, "0.2.7", "e6f7f155970975789f26e77b8b8d8ab084c59844d8ecfaf58cbda31c494d14aa", [:mix], [], "hexpm", "b4cfa2d69c7f0b18fd06db222b2398abeef743a72504e6bd7df9c52f171b047f"},
  "forge_abi": {:hex, :forge_abi, "1.18.7", "bd2d7bc08b29d56f3bf4d5a2800d3b573968f1f3fcfbe1a8475393e59cdeb6cc", [:mix], [{:ex_abci_proto, "~> 0.9", [hex: :ex_abci_proto, repo: "hexpm", optional: false]}, {:jason, "~> 1.1", [hex: :jason, repo: "hexpm", optional: false]}, {:protobuf, "~> 0.6.1", [hex: :protobuf, repo: "hexpm", optional: false]}, {:typed_struct, "~> 0.1.4", [hex: :typed_struct, repo: "hexpm", optional: false]}, {:yaml_elixir, "~> 2.4", [hex: :yaml_elixir, repo: "hexpm", optional: false]}], "hexpm", "ba8687e8e9ca5e4c93d6aabc5f18389999de37ab2d94be3ada8af2623ee70f7a"},
  "forge_sdk": {:hex, :forge_sdk, "1.0.6", "07056d2d26b4018219341c07f2eb0b6242c3bc4ae3207e1574b1a4f9b41304b6", [:mix], [{:abt_did_elixir, "~> 0.3", [hex: :abt_did_elixir, repo: "hexpm", optional: false]}, {:bbmustache, "~> 1.8", [hex: :bbmustache, repo: "hexpm", optional: false]}, {:connection, "~> 1.0", [hex: :connection, repo: "hexpm", optional: false]}, {:deep_merge, "~> 0.2", [hex: :deep_merge, repo: "hexpm", optional: false]}, {:forge_abi, "~> 1.18.7", [hex: :forge_abi, repo: "hexpm", optional: false]}, {:jason, "~> 1.1", [hex: :jason, repo: "hexpm", optional: false]}, {:mcrypto, "~> 0.2", [hex: :mcrypto, repo: "hexpm", optional: false]}, {:multibase, "~> 0.0.1", [hex: :multibase, repo: "hexpm", optional: false]}, {:poolboy, "~> 1.5", [hex: :poolboy, repo: "hexpm", optional: false]}, {:recase, "~> 0.6", [hex: :recase, repo: "hexpm", optional: false]}, {:toml, "~> 0.5", [hex: :toml, repo: "hexpm", optional: false]}, {:typed_struct, "~> 0.1.4", [hex: :typed_struct, repo: "hexpm", optional: false]}], "hexpm", "feb1e52aab5dfde670a92e4d385ebb76667ae054a4171bfb601c3824d9b16c6b"},
  "gettext": {:hex, :gettext, "0.17.1", "8baab33482df4907b3eae22f719da492cee3981a26e649b9c2be1c0192616962", [:mix], [], "hexpm", "f7d97341e536f95b96eef2988d6d4230f7262cf239cda0e2e63123ee0b717222"},
  "google_protos": {:hex, :google_protos, "0.1.0", "c6b9e12092d17571b093d4156d004494ca143b65dbbcbfc3ffff463ea03467c0", [:mix], [{:protobuf, "~> 0.5", [hex: :protobuf, repo: "hexpm", optional: false]}], "hexpm", "ff5564525f89d2638a4cfa9fb4d31e9ee9d9d7cb937b3e8a95f558440c039e1b"},
  "grpc": {:hex, :grpc, "0.3.1", "bba240631f1a262db865d9bc620b3e3abc0acfab27a922ad47727d057a734ab3", [:mix], [{:cowboy, "~> 2.5", [hex: :cowboy, repo: "hexpm", optional: false]}, {:gun, "~> 1.2", [hex: :gun, repo: "hexpm", optional: false]}, {:protobuf, "~> 0.5", [hex: :protobuf, repo: "hexpm", optional: false]}], "hexpm", "69903c415ac0907362dd88aa81bf56d90974e8bc78ce7ad188aa7916637b2647"},
  "gun": {:hex, :gun, "1.3.1", "1489fd96018431b89f401041a9ce0b02b45265247f0fdcf71273bf087c64ea4f", [:rebar3], [{:cowlib, "~> 2.6.0", [hex: :cowlib, repo: "hexpm", optional: false]}], "hexpm", "f4d25a6946e34fe5d4d698db32b0f2a9bbb1e9fd75d23a0ffadbad373c48451f"},
  "hackney": {:hex, :hackney, "1.15.2", "07e33c794f8f8964ee86cebec1a8ed88db5070e52e904b8f12209773c1036085", [:rebar3], [{:certifi, "2.5.1", [hex: :certifi, repo: "hexpm", optional: false]}, {:idna, "6.0.0", [hex: :idna, repo: "hexpm", optional: false]}, {:metrics, "1.0.1", [hex: :metrics, repo: "hexpm", optional: false]}, {:mimerl, "~>1.1", [hex: :mimerl, repo: "hexpm", optional: false]}, {:ssl_verify_fun, "1.1.5", [hex: :ssl_verify_fun, repo: "hexpm", optional: false]}], "hexpm", "e0100f8ef7d1124222c11ad362c857d3df7cb5f4204054f9f0f4a728666591fc"},
  "httpoison": {:hex, :httpoison, "1.6.2", "ace7c8d3a361cebccbed19c283c349b3d26991eff73a1eaaa8abae2e3c8089b6", [:mix], [{:hackney, "~> 1.15 and >= 1.15.2", [hex: :hackney, repo: "hexpm", optional: false]}], "hexpm", "aa2c74bd271af34239a3948779612f87df2422c2fdcfdbcec28d9c105f0773fe"},
  "hyjal": {:git, "git@github.com:ArcBlock/Hyjal.git", "55bc0255781d16cbb0e7474e1b032062b2828a2d", []},
  "idna": {:hex, :idna, "6.0.0", "689c46cbcdf3524c44d5f3dde8001f364cd7608a99556d8fbd8239a5798d4c10", [:rebar3], [{:unicode_util_compat, "0.4.1", [hex: :unicode_util_compat, repo: "hexpm", optional: false]}], "hexpm", "4bdd305eb64e18b0273864920695cb18d7a2021f31a11b9c5fbcd9a253f936e2"},
  "jason": {:hex, :jason, "1.1.2", "b03dedea67a99223a2eaf9f1264ce37154564de899fd3d8b9a21b1a6fd64afe7", [:mix], [{:decimal, "~> 1.0", [hex: :decimal, repo: "hexpm", optional: true]}], "hexpm", "fdf843bca858203ae1de16da2ee206f53416bbda5dc8c9e78f43243de4bc3afe"},
  "keccakf1600": {:hex, :keccakf1600_orig, "2.0.0", "0a7217ddb3ee8220d449bbf7575ec39d4e967099f220a91e3dfca4dbaef91963", [:rebar3], [], "hexpm", "bdbbb02d67bea35605f95d4e3de48203347374e414da7945c4f2f7fd13ffe632"},
  "libdecaf": {:hex, :libdecaf, "1.0.0", "3003f64cbdaf534f62f4489ba4b911b8fa7c9bee6c325ffbc372fc11357cc174", [:rebar3], [], "hexpm", "71c5aad8e1eb07a840d0a53cb970dd7a61bdc9b5c632f7f441c516b5010e669f"},
  "libsecp256k1": {:hex, :libsecp256k1, "0.1.10", "d27495e2b9851c7765129b76c53b60f5e275bd6ff68292c50536bf6b8d091a4d", [:make, :mix], [{:mix_erlang_tasks, "0.1.0", [hex: :mix_erlang_tasks, repo: "hexpm", optional: false]}], "hexpm", "09ea06239938571124f7f5a27bc9ac45dfb1cfc2df40d46ee9b59c3d51366652"},
  "matrix_reloaded": {:hex, :matrix_reloaded, "2.2.1", "9786e97c20535e902dbe586b704ede6c00a6854609715fb161645df9cd99ca55", [:mix], [{:ex_maybe, "~> 1.0", [hex: :ex_maybe, repo: "hexpm", optional: false]}, {:result, "~> 1.3.0", [hex: :result, repo: "hexpm", optional: false]}], "hexpm", "d5e3c9b6dfb6b1f5c35439674177f421a8eec9a1ac5d40f2d1115c5cbb116fc3"},
  "mcrypto": {:hex, :mcrypto, "0.2.2", "8bb08ee302ffd4fefda46307daf9d43bcd422947420c4b27776b207eb53535e8", [:mix], [{:blake2, "~> 1.0", [hex: :blake2, repo: "hexpm", optional: false]}, {:keccakf1600, "~> 2.0", [hex: :keccakf1600_orig, repo: "hexpm", optional: false]}, {:libdecaf, "~> 1.0", [hex: :libdecaf, repo: "hexpm", optional: false]}, {:libsecp256k1, "~> 0.1.3", [hex: :libsecp256k1, repo: "hexpm", optional: false]}, {:typed_struct, "~> 0.1.4", [hex: :typed_struct, repo: "hexpm", optional: false]}], "hexpm", "7d0bcb841cc5f93acec3bb3426f8fc3ef35e8672eba9cf416f9a4267e16dd646"},
  "meck": {:hex, :meck, "0.8.13", "ffedb39f99b0b99703b8601c6f17c7f76313ee12de6b646e671e3188401f7866", [:rebar3], [], "hexpm", "d34f013c156db51ad57cc556891b9720e6a1c1df5fe2e15af999c84d6cebeb1a"},
  "metrics": {:hex, :metrics, "1.0.1", "25f094dea2cda98213cecc3aeff09e940299d950904393b2a29d191c346a8486", [:rebar3], [], "hexpm", "69b09adddc4f74a40716ae54d140f93beb0fb8978d8636eaded0c31b6f099f16"},
  "mime": {:hex, :mime, "1.3.1", "30ce04ab3175b6ad0bdce0035cba77bba68b813d523d1aac73d9781b4d193cf8", [:mix], [], "hexpm", "6cbe761d6a0ca5a31a0931bf4c63204bceb64538e664a8ecf784a9a6f3b875f1"},
  "mimerl": {:hex, :mimerl, "1.2.0", "67e2d3f571088d5cfd3e550c383094b47159f3eee8ffa08e64106cdf5e981be3", [:rebar3], [], "hexpm", "f278585650aa581986264638ebf698f8bb19df297f66ad91b18910dfc6e19323"},
  "mix_erlang_tasks": {:hex, :mix_erlang_tasks, "0.1.0", "36819fec60b80689eb1380938675af215565a89320a9e29c72c70d97512e4649", [:mix], [], "hexpm", "95d2839c422c482a70c08a8702da8242f86b773f8ab6e8602a4eb72da8da04ed"},
  "mock": {:hex, :mock, "0.3.3", "42a433794b1291a9cf1525c6d26b38e039e0d3a360732b5e467bfc77ef26c914", [:mix], [{:meck, "~> 0.8.13", [hex: :meck, repo: "hexpm", optional: false]}], "hexpm", "a280d1f7b6f4bbcbd9282616e57502721781c66ee5b540720efabeaf627cc7eb"},
  "multibase": {:hex, :multibase, "0.0.1", "9243bebe6f7f0f9f873c770ddcddab285cc554a8dd2374b8de6b2add087eccbc", [:mix], [{:base1, "~> 0.1.0", [hex: :base1, repo: "hexpm", optional: false]}, {:base2, "~> 0.1.0", [hex: :base2, repo: "hexpm", optional: false]}, {:basefiftyeight, "~> 0.1.0", [hex: :basefiftyeight, repo: "hexpm", optional: false]}, {:zbase32, "~> 2.0.0", [hex: :zbase32, repo: "hexpm", optional: false]}], "hexpm", "6ea13a19e47da727c2def81b241ad10a39440c5705a4abed18e8310b46f45f51"},
  "parse_trans": {:hex, :parse_trans, "3.3.0", "09765507a3c7590a784615cfd421d101aec25098d50b89d7aa1d66646bc571c1", [:rebar3], [], "hexpm", "17ef63abde837ad30680ea7f857dd9e7ced9476cdd7b0394432af4bfc241b960"},
  "phoenix": {:hex, :phoenix, "1.4.11", "d112c862f6959f98e6e915c3b76c7a87ca3efd075850c8daa7c3c7a609014b0d", [:mix], [{:jason, "~> 1.0", [hex: :jason, repo: "hexpm", optional: true]}, {:phoenix_pubsub, "~> 1.1", [hex: :phoenix_pubsub, repo: "hexpm", optional: false]}, {:plug, "~> 1.8.1 or ~> 1.9", [hex: :plug, repo: "hexpm", optional: false]}, {:plug_cowboy, "~> 1.0 or ~> 2.0", [hex: :plug_cowboy, repo: "hexpm", optional: true]}, {:telemetry, "~> 0.4", [hex: :telemetry, repo: "hexpm", optional: false]}], "hexpm", "ef19d737ca23b66f7333eaa873cbfc5e6fa6427ef5a0ffd358de1ba8e1a4b2f4"},
  "phoenix_ecto": {:hex, :phoenix_ecto, "4.1.0", "a044d0756d0464c5a541b4a0bf4bcaf89bffcaf92468862408290682c73ae50d", [:mix], [{:ecto, "~> 3.0", [hex: :ecto, repo: "hexpm", optional: false]}, {:phoenix_html, "~> 2.9", [hex: :phoenix_html, repo: "hexpm", optional: true]}, {:plug, "~> 1.0", [hex: :plug, repo: "hexpm", optional: false]}], "hexpm", "c5e666a341ff104d0399d8f0e4ff094559b2fde13a5985d4cb5023b2c2ac558b"},
  "phoenix_html": {:hex, :phoenix_html, "2.13.3", "850e292ff6e204257f5f9c4c54a8cb1f6fbc16ed53d360c2b780a3d0ba333867", [:mix], [{:plug, "~> 1.5", [hex: :plug, repo: "hexpm", optional: false]}], "hexpm", "8b01b3d6d39731ab18aa548d928b5796166d2500755f553725cfe967bafba7d9"},
  "phoenix_live_reload": {:hex, :phoenix_live_reload, "1.2.1", "274a4b07c4adbdd7785d45a8b0bb57634d0b4f45b18d2c508b26c0344bd59b8f", [:mix], [{:file_system, "~> 0.2.1 or ~> 0.3", [hex: :file_system, repo: "hexpm", optional: false]}, {:phoenix, "~> 1.4", [hex: :phoenix, repo: "hexpm", optional: false]}], "hexpm", "41b4103a2fa282cfd747d377233baf213c648fdcc7928f432937676532490eee"},
  "phoenix_live_view": {:git, "https://github.com/phoenixframework/phoenix_live_view.git", "a2d776f24242c01061236da669395165b23977cd", []},
  "phoenix_pubsub": {:hex, :phoenix_pubsub, "1.1.2", "496c303bdf1b2e98a9d26e89af5bba3ab487ba3a3735f74bf1f4064d2a845a3e", [:mix], [], "hexpm", "1f13f9f0f3e769a667a6b6828d29dec37497a082d195cc52dbef401a9b69bf38"},
  "plug": {:hex, :plug, "1.8.3", "12d5f9796dc72e8ac9614e94bda5e51c4c028d0d428e9297650d09e15a684478", [:mix], [{:mime, "~> 1.0", [hex: :mime, repo: "hexpm", optional: false]}, {:plug_crypto, "~> 1.0", [hex: :plug_crypto, repo: "hexpm", optional: false]}, {:telemetry, "~> 0.4", [hex: :telemetry, repo: "hexpm", optional: true]}], "hexpm", "164baaeb382d19beee0ec484492aa82a9c8685770aee33b24ec727a0971b34d0"},
  "plug_cowboy": {:hex, :plug_cowboy, "2.1.0", "b75768153c3a8a9e8039d4b25bb9b14efbc58e9c4a6e6a270abff1cd30cbe320", [:mix], [{:cowboy, "~> 2.5", [hex: :cowboy, repo: "hexpm", optional: false]}, {:plug, "~> 1.7", [hex: :plug, repo: "hexpm", optional: false]}], "hexpm", "6cd8ddd1bd1fbfa54d3fc61d4719c2057dae67615395d58d40437a919a46f132"},
  "plug_crypto": {:hex, :plug_crypto, "1.0.0", "18e49317d3fa343f24620ed22795ec29d4a5e602d52d1513ccea0b07d8ea7d4d", [:mix], [], "hexpm", "73c1682f0e414cfb5d9b95c8e8cd6ffcfdae699e3b05e1db744e58b7be857759"},
  "poolboy": {:hex, :poolboy, "1.5.2", "392b007a1693a64540cead79830443abf5762f5d30cf50bc95cb2c1aaafa006b", [:rebar3], [], "hexpm", "dad79704ce5440f3d5a3681c8590b9dc25d1a561e8f5a9c995281012860901e3"},
  "postgrex": {:hex, :postgrex, "0.15.1", "23ce3417de70f4c0e9e7419ad85bdabcc6860a6925fe2c6f3b1b5b1e8e47bf2f", [:mix], [{:connection, "~> 1.0", [hex: :connection, repo: "hexpm", optional: false]}, {:db_connection, "~> 2.1", [hex: :db_connection, repo: "hexpm", optional: false]}, {:decimal, "~> 1.5", [hex: :decimal, repo: "hexpm", optional: false]}, {:jason, "~> 1.0", [hex: :jason, repo: "hexpm", optional: true]}], "hexpm", "12cd418e207b8ed787dfe0f520fccd6c001f58d9108233feae7df36462593d1f"},
  "protobuf": {:hex, :protobuf, "0.6.3", "742e9034c20532534ca96d7a7ee1251e0f2327dcf8ea6de0dd3eb3e054b236a7", [:mix], [], "hexpm", "7301553b627ad3c0e23890aab105da1cd64f437d6345839db2ad2ce0f2b06b93"},
  "qr_code": {:hex, :qr_code, "2.1.0", "54c0c687ac505590602b3bf2e2f0cf014403a1d204abcd9dafc0d2398d435a15", [:mix], [{:csvlixir, "~> 2.0.4", [hex: :csvlixir, repo: "hexpm", optional: false]}, {:ex_maybe, "~> 1.1.1", [hex: :ex_maybe, repo: "hexpm", optional: false]}, {:matrix_reloaded, "~> 2.2.1", [hex: :matrix_reloaded, repo: "hexpm", optional: false]}, {:result, "~> 1.3.0", [hex: :result, repo: "hexpm", optional: false]}, {:xml_builder, "~> 2.1.1", [hex: :xml_builder, repo: "hexpm", optional: false]}], "hexpm", "f490a282ecd2ead63fae6172a694700ace8981ba5617bc0abe7332fb910e8cbd"},
  "ranch": {:hex, :ranch, "1.7.1", "6b1fab51b49196860b733a49c07604465a47bdb78aa10c1c16a3d199f7f8c881", [:rebar3], [], "hexpm", "451d8527787df716d99dc36162fca05934915db0b6141bbdac2ea8d3c7afc7d7"},
  "recase": {:hex, :recase, "0.6.0", "1dd2dd2f4e06603b74977630e739f08b7fedbb9420cc14de353666c2fc8b99f4", [:mix], [], "hexpm", "8712e318420a228eb2e6366ada230148ed3a4316a798319edd5512f64d78c990"},
  "result": {:hex, :result, "1.3.0", "fd598eb0e084048157fffca7ef5f53803c6031c99691a78271dade7b4c479661", [:mix], [], "hexpm", "c7aca4eb90a1fc7b571d46c700f36b36e18bef28d9df3630b73f67d6bf60329c"},
  "ssl_verify_fun": {:hex, :ssl_verify_fun, "1.1.5", "6eaf7ad16cb568bb01753dbbd7a95ff8b91c7979482b95f38443fe2c8852a79b", [:make, :mix, :rebar3], [], "hexpm", "13104d7897e38ed7f044c4de953a6c28597d1c952075eb2e328bc6d6f2bfc496"},
  "telemetry": {:hex, :telemetry, "0.4.0", "8339bee3fa8b91cb84d14c2935f8ecf399ccd87301ad6da6b71c09553834b2ab", [:rebar3], [], "hexpm", "e9e3cacfd37c1531c0ca70ca7c0c30ce2dbb02998a4f7719de180fe63f8d41e4"},
  "toml": {:hex, :toml, "0.6.1", "e1c3c91c1fc1ed87e7315a5a88e4bd1eeddf3e61dca2b708724a6a2d1a013844", [:mix], [], "hexpm", "d73b447d2605e23fa3bbbf80342e27e7e1bca51733d5e65c026d97c7e1a7cabb"},
  "typed_struct": {:hex, :typed_struct, "0.1.4", "25971ce73a8b336dedf2f80e4dafaab111af127ba4773955b66805c89e197f6a", [:mix], [], "hexpm", "c48b743b1812189431e0280941790af150ae5372f7ac51e7097c03a261a35bd6"},
  "unicode_util_compat": {:hex, :unicode_util_compat, "0.4.1", "d869e4c68901dd9531385bb0c8c40444ebf624e60b6962d95952775cac5e90cd", [:rebar3], [], "hexpm", "1d1848c40487cdb0b30e8ed975e34e025860c02e419cb615d255849f3427439d"},
  "xml_builder": {:hex, :xml_builder, "2.1.2", "90cb9ad382958934c78c6ddfbe6d385a8ce147d84b61cbfa83ec93a169d0feab", [:mix], [], "hexpm", "b89046041da2fbc1d51d31493ba31b9d5fc6223c93384bf513a1a9e1df9ec081"},
  "yamerl": {:hex, :yamerl, "0.7.0", "e51dba652dce74c20a88294130b48051ebbbb0be7d76f22de064f0f3ccf0aaf5", [:rebar3], [], "hexpm", "cb5a4481e2e2ad36db83bd9962153e1a9208e2b2484185e33fc2caac6a50b108"},
  "yaml_elixir": {:hex, :yaml_elixir, "2.4.0", "2f444abc3c994c902851fde56b6a9cb82895c291c05a0490a289035c2e62ae71", [:mix], [{:yamerl, "~> 0.7", [hex: :yamerl, repo: "hexpm", optional: false]}], "hexpm", "4e25a6d5c873e393689c6f1062c5ec90f6cd1be2527b073178ae37eae4c78bee"},
  "zbase32": {:hex, :zbase32, "2.0.0", "5a61d5ee8f39092d4a243da2a42b5b4339ef226d9b182603f63d5a3f16d192ee", [:mix], [], "hexpm", "798f81895658f9773e1dcf30ba3c118547f482502c5e1e19e72752f9a6f23e44"},
}
